
Microsoft Visual Studio Solution File, Format Version 12.00
# Visual Studio 15
VisualStudioVersion = 15.0.26430.16
MinimumVisualStudioVersion = 10.0.40219.1
Project("{FAE04EC0-301F-11D3-BF4B-00C04F79EFBC}") = "SubstringInString", "SubstringInString\SubstringInString.csproj", "{1D8BC613-6A34-4C1A-A1B4-6D5BFF3F667D}"
EndProject
Global
	GlobalSection(SolutionConfigurationPlatforms) = preSolution
		Debug|Any CPU = Debug|Any CPU
		Release|Any CPU = Release|Any CPU
	EndGlobalSection
	GlobalSection(ProjectConfigurationPlatforms) = postSolution
		{1D8BC613-6A34-4C1A-A1B4-6D5BFF3F667D}.Debug|Any CPU.ActiveCfg = Debug|Any CPU
		{1D8BC613-6A34-4C1A-A1B4-6D5BFF3F667D}.Debug|Any CPU.Build.0 = Debug|Any CPU
		{1D8BC613-6A34-4C1A-A1B4-6D5BFF3F667D}.Release|Any CPU.ActiveCfg = Release|Any CPU
		{1D8BC613-6A34-4C1A-A1B4-6D5BFF3F667D}.Release|Any CPU.Build.0 = Release|Any CPU
	EndGlobalSection
	GlobalSection(SolutionProperties) = preSolution
		HideSolutionNode = FALSE
	EndGlobalSection
EndGlobal
